
Microsoft Visual Studio Solution File, Format Version 12.00
# Visual Studio Version 16
VisualStudioVersion = 16.0.29209.152
MinimumVisualStudioVersion = 10.0.40219.1
Project("{9A19103F-16F7-4668-BE54-9A1E7A4F7556}") = "Parenthless", "Parenthless\Parenthless.csproj", "{5BBBFDA5-9B3C-490A-98A4-FFA3683C1E7E}"
EndProject
Project("{9A19103F-16F7-4668-BE54-9A1E7A4F7556}") = "Tests", "Tests\Tests.csproj", "{14136E47-B85D-45D6-BE28-8155CC336E38}"
EndProject
Project("{2150E333-8FDC-42A3-9474-1A3956D46DE8}") = "Solution Items", "Solution Items", "{DEF412D0-9782-41D1-9BCD-54C7EC759D76}"
	ProjectSection(SolutionItems) = preProject
		.editorconfig = .editorconfig
		README.md = README.md
	EndProjectSection
EndProject
Project("{9A19103F-16F7-4668-BE54-9A1E7A4F7556}") = "Parenthless.EntityFrameworkCore", "Parenthless.EntityFrameworkCore\Parenthless.EntityFrameworkCore.csproj", "{B4826DA3-86D2-41FE-BCFD-6A8111BE5A66}"
EndProject
Global
	GlobalSection(SolutionConfigurationPlatforms) = preSolution
		Debug|Any CPU = Debug|Any CPU
		Release|Any CPU = Release|Any CPU
	EndGlobalSection
	GlobalSection(ProjectConfigurationPlatforms) = postSolution
		{5BBBFDA5-9B3C-490A-98A4-FFA3683C1E7E}.Debug|Any CPU.ActiveCfg = Debug|Any CPU
		{5BBBFDA5-9B3C-490A-98A4-FFA3683C1E7E}.Debug|Any CPU.Build.0 = Debug|Any CPU
		{5BBBFDA5-9B3C-490A-98A4-FFA3683C1E7E}.Release|Any CPU.ActiveCfg = Release|Any CPU
		{5BBBFDA5-9B3C-490A-98A4-FFA3683C1E7E}.Release|Any CPU.Build.0 = Release|Any CPU
		{14136E47-B85D-45D6-BE28-8155CC336E38}.Debug|Any CPU.ActiveCfg = Debug|Any CPU
		{14136E47-B85D-45D6-BE28-8155CC336E38}.Debug|Any CPU.Build.0 = Debug|Any CPU
		{14136E47-B85D-45D6-BE28-8155CC336E38}.Release|Any CPU.ActiveCfg = Release|Any CPU
		{14136E47-B85D-45D6-BE28-8155CC336E38}.Release|Any CPU.Build.0 = Release|Any CPU
		{B4826DA3-86D2-41FE-BCFD-6A8111BE5A66}.Debug|Any CPU.ActiveCfg = Debug|Any CPU
		{B4826DA3-86D2-41FE-BCFD-6A8111BE5A66}.Debug|Any CPU.Build.0 = Debug|Any CPU
		{B4826DA3-86D2-41FE-BCFD-6A8111BE5A66}.Release|Any CPU.ActiveCfg = Release|Any CPU
		{B4826DA3-86D2-41FE-BCFD-6A8111BE5A66}.Release|Any CPU.Build.0 = Release|Any CPU
	EndGlobalSection
	GlobalSection(SolutionProperties) = preSolution
		HideSolutionNode = FALSE
	EndGlobalSection
	GlobalSection(ExtensibilityGlobals) = postSolution
		SolutionGuid = {9C88BCE9-D169-4328-BAF4-8A8870405355}
	EndGlobalSection
EndGlobal
