
Microsoft Visual Studio Solution File, Format Version 12.00
# Visual Studio Version 16
VisualStudioVersion = 16.0.29209.152
MinimumVisualStudioVersion = 10.0.40219.1
Project("{FAE04EC0-301F-11D3-BF4B-00C04F79EFBC}") = "Parenthless", "Parenthless\Parenthless.csproj", "{5BBBFDA5-9B3C-490A-98A4-FFA3683C1E7E}"
EndProject
Project("{FAE04EC0-301F-11D3-BF4B-00C04F79EFBC}") = "Tests", "Tests\Tests.csproj", "{14136E47-B85D-45D6-BE28-8155CC336E38}"
EndProject
Global
	GlobalSection(SolutionConfigurationPlatforms) = preSolution
		Debug|Any CPU = Debug|Any CPU
		Release|Any CPU = Release|Any CPU
	EndGlobalSection
	GlobalSection(ProjectConfigurationPlatforms) = postSolution
		{5BBBFDA5-9B3C-490A-98A4-FFA3683C1E7E}.Debug|Any CPU.ActiveCfg = Debug|Any CPU
		{5BBBFDA5-9B3C-490A-98A4-FFA3683C1E7E}.Debug|Any CPU.Build.0 = Debug|Any CPU
		{5BBBFDA5-9B3C-490A-98A4-FFA3683C1E7E}.Release|Any CPU.ActiveCfg = Release|Any CPU
		{5BBBFDA5-9B3C-490A-98A4-FFA3683C1E7E}.Release|Any CPU.Build.0 = Release|Any CPU
		{14136E47-B85D-45D6-BE28-8155CC336E38}.Debug|Any CPU.ActiveCfg = Debug|Any CPU
		{14136E47-B85D-45D6-BE28-8155CC336E38}.Debug|Any CPU.Build.0 = Debug|Any CPU
		{14136E47-B85D-45D6-BE28-8155CC336E38}.Release|Any CPU.ActiveCfg = Release|Any CPU
		{14136E47-B85D-45D6-BE28-8155CC336E38}.Release|Any CPU.Build.0 = Release|Any CPU
	EndGlobalSection
	GlobalSection(SolutionProperties) = preSolution
		HideSolutionNode = FALSE
	EndGlobalSection
	GlobalSection(ExtensibilityGlobals) = postSolution
		SolutionGuid = {9C88BCE9-D169-4328-BAF4-8A8870405355}
	EndGlobalSection
EndGlobal
